
Microsoft Visual Studio Solution File, Format Version 12.00
# Visual Studio Version 16
VisualStudioVersion = 16.0.29613.14
MinimumVisualStudioVersion = 10.0.40219.1
Project("{9A19103F-16F7-4668-BE54-9A1E7A4F7556}") = "UTIMCOCodingExercise.Web", "UTIMCOCodingExercise.Web.csproj", "{D5278F2E-A9DF-4BC2-BC35-10B4ADAAEC40}"
EndProject
Project("{9A19103F-16F7-4668-BE54-9A1E7A4F7556}") = "UTIMCOCodingExercise.Test", "..\UTIMCOCodingExercise.Test\UTIMCOCodingExercise.Test.csproj", "{EE4E0E05-241B-43F5-B3D5-278C1CF50A39}"
EndProject
Global
	GlobalSection(SolutionConfigurationPlatforms) = preSolution
		Debug|Any CPU = Debug|Any CPU
		Release|Any CPU = Release|Any CPU
	EndGlobalSection
	GlobalSection(ProjectConfigurationPlatforms) = postSolution
		{D5278F2E-A9DF-4BC2-BC35-10B4ADAAEC40}.Debug|Any CPU.ActiveCfg = Debug|Any CPU
		{D5278F2E-A9DF-4BC2-BC35-10B4ADAAEC40}.Debug|Any CPU.Build.0 = Debug|Any CPU
		{D5278F2E-A9DF-4BC2-BC35-10B4ADAAEC40}.Release|Any CPU.ActiveCfg = Release|Any CPU
		{D5278F2E-A9DF-4BC2-BC35-10B4ADAAEC40}.Release|Any CPU.Build.0 = Release|Any CPU
		{EE4E0E05-241B-43F5-B3D5-278C1CF50A39}.Debug|Any CPU.ActiveCfg = Debug|Any CPU
		{EE4E0E05-241B-43F5-B3D5-278C1CF50A39}.Debug|Any CPU.Build.0 = Debug|Any CPU
		{EE4E0E05-241B-43F5-B3D5-278C1CF50A39}.Release|Any CPU.ActiveCfg = Release|Any CPU
		{EE4E0E05-241B-43F5-B3D5-278C1CF50A39}.Release|Any CPU.Build.0 = Release|Any CPU
	EndGlobalSection
	GlobalSection(SolutionProperties) = preSolution
		HideSolutionNode = FALSE
	EndGlobalSection
	GlobalSection(ExtensibilityGlobals) = postSolution
		SolutionGuid = {24949931-C5CF-4FA5-904B-ED617BB8B122}
	EndGlobalSection
EndGlobal
